{
  "version": 4,
  "terraform_version": "1.12.2",
  "serial": 17,
  "lineage": "29eb8bb0-9805-0860-7ce9-c49b1ccb89f4",
  "outputs": {
    "blob_container_name": {
      "value": "results",
      "type": "string"
    },
    "container_group_name": {
      "value": "cloud-benchmark-scraper",
      "type": "string"
    },
    "resource_group_name": {
      "value": "cloud-benchmark-rg",
      "type": "string"
    },
    "storage_account_connection_string": {
      "value": "DefaultEndpointsProtocol=https;AccountName=cloudbench7098;AccountKey=dFSccfLcJYrd+qmlXkN2wlO/wV1BbwnfKmL4ZRCqf9JBpP9SMwSCYTtMhHiMMkVoZ1TSfVogKszH+AStMUM/ZA==;EndpointSuffix=core.windows.net",
      "type": "string",
      "sensitive": true
    },
    "storage_account_name": {
      "value": "cloudbench7098",
      "type": "string"
    }
  },
  "resources": [
    {
      "mode": "managed",
      "type": "azurerm_container_group",
      "name": "scraper",
      "provider": "provider[\"registry.terraform.io/hashicorp/azurerm\"]",
      "instances": [
        {
          "schema_version": 0,
          "attributes": {
            "container": [
              {
                "commands": [],
                "cpu": 1,
                "cpu_limit": 0,
                "environment_variables": {
                  "AZURE_BLOB_CONTAINER": "results",
                  "AZURE_STORAGE_CONNECTION_STRING": "DefaultEndpointsProtocol=https;AccountName=cloudbench7098;AccountKey=dFSccfLcJYrd+qmlXkN2wlO/wV1BbwnfKmL4ZRCqf9JBpP9SMwSCYTtMhHiMMkVoZ1TSfVogKszH+AStMUM/ZA==;EndpointSuffix=core.windows.net"
                },
                "gpu": [],
                "gpu_limit": [],
                "image": "chrisworkspace/cloudbenchmark-scraper:latest",
                "liveness_probe": [],
                "memory": 1.5,
                "memory_limit": 0,
                "name": "scraper",
                "ports": [],
                "readiness_probe": [],
                "secure_environment_variables": null,
                "security": [],
                "volume": []
              }
            ],
            "diagnostics": [],
            "dns_config": [],
            "dns_name_label": null,
            "dns_name_label_reuse_policy": "Unsecure",
            "exposed_port": [],
            "fqdn": null,
            "id": "/subscriptions/007067f7-2883-4a3a-81aa-4d4d1d813982/resourceGroups/cloud-benchmark-rg/providers/Microsoft.ContainerInstance/containerGroups/cloud-benchmark-scraper",
            "identity": [],
            "image_registry_credential": [],
            "init_container": [],
            "ip_address": null,
            "ip_address_type": "None",
            "key_vault_key_id": null,
            "key_vault_user_assigned_identity_id": null,
            "location": "francecentral",
            "name": "cloud-benchmark-scraper",
            "network_profile_id": null,
            "os_type": "Linux",
            "priority": "",
            "resource_group_name": "cloud-benchmark-rg",
            "restart_policy": "Always",
            "sku": "Standard",
            "subnet_ids": null,
            "tags": null,
            "timeouts": null,
            "zones": null
          },
          "sensitive_attributes": [
            [
              {
                "type": "get_attr",
                "value": "container"
              },
              {
                "type": "index",
                "value": {
                  "value": 0,
                  "type": "number"
                }
              },
              {
                "type": "get_attr",
                "value": "environment_variables"
              },
              {
                "type": "index",
                "value": {
                  "value": "AZURE_STORAGE_CONNECTION_STRING",
                  "type": "string"
                }
              }
            ],
            [
              {
                "type": "get_attr",
                "value": "container"
              },
              {
                "type": "index",
                "value": {
                  "value": 0,
                  "type": "number"
                }
              },
              {
                "type": "get_attr",
                "value": "secure_environment_variables"
              }
            ]
          ],
          "identity_schema_version": 0,
          "private": "eyJlMmJmYjczMC1lY2FhLTExZTYtOGY4OC0zNDM2M2JjN2M0YzAiOnsiY3JlYXRlIjozNjAwMDAwMDAwMDAwLCJkZWxldGUiOjE4MDAwMDAwMDAwMDAsInJlYWQiOjMwMDAwMDAwMDAwMCwidXBkYXRlIjoxODAwMDAwMDAwMDAwfX0=",
          "dependencies": [
            "azurerm_resource_group.main",
            "azurerm_storage_account.main",
            "azurerm_storage_container.results",
            "random_id.storage_suffix"
          ]
        }
      ]
    },
    {
      "mode": "managed",
      "type": "azurerm_resource_group",
      "name": "main",
      "provider": "provider[\"registry.terraform.io/hashicorp/azurerm\"]",
      "instances": [
        {
          "schema_version": 0,
          "attributes": {
            "id": "/subscriptions/007067f7-2883-4a3a-81aa-4d4d1d813982/resourceGroups/cloud-benchmark-rg",
            "location": "francecentral",
            "managed_by": "",
            "name": "cloud-benchmark-rg",
            "tags": null,
            "timeouts": null
          },
          "sensitive_attributes": [],
          "identity_schema_version": 0,
          "private": "eyJlMmJmYjczMC1lY2FhLTExZTYtOGY4OC0zNDM2M2JjN2M0YzAiOnsiY3JlYXRlIjo1NDAwMDAwMDAwMDAwLCJkZWxldGUiOjU0MDAwMDAwMDAwMDAsInJlYWQiOjMwMDAwMDAwMDAwMCwidXBkYXRlIjo1NDAwMDAwMDAwMDAwfX0="
        }
      ]
    },
    {
      "mode": "managed",
      "type": "azurerm_storage_account",
      "name": "main",
      "provider": "provider[\"registry.terraform.io/hashicorp/azurerm\"]",
      "instances": [
        {
          "schema_version": 4,
          "attributes": {
            "access_tier": "Hot",
            "account_kind": "StorageV2",
            "account_replication_type": "LRS",
            "account_tier": "Standard",
            "allow_nested_items_to_be_public": true,
            "allowed_copy_scope": "",
            "azure_files_authentication": [],
            "blob_properties": [
              {
                "change_feed_enabled": false,
                "change_feed_retention_in_days": 0,
                "container_delete_retention_policy": [],
                "cors_rule": [],
                "default_service_version": "",
                "delete_retention_policy": [],
                "last_access_time_enabled": false,
                "restore_policy": [],
                "versioning_enabled": false
              }
            ],
            "cross_tenant_replication_enabled": true,
            "custom_domain": [],
            "customer_managed_key": [],
            "default_to_oauth_authentication": false,
            "dns_endpoint_type": "Standard",
            "edge_zone": "",
            "enable_https_traffic_only": true,
            "https_traffic_only_enabled": true,
            "id": "/subscriptions/007067f7-2883-4a3a-81aa-4d4d1d813982/resourceGroups/cloud-benchmark-rg/providers/Microsoft.Storage/storageAccounts/cloudbench7098",
            "identity": [],
            "immutability_policy": [],
            "infrastructure_encryption_enabled": false,
            "is_hns_enabled": false,
            "large_file_share_enabled": false,
            "local_user_enabled": true,
            "location": "francecentral",
            "min_tls_version": "TLS1_2",
            "name": "cloudbench7098",
            "network_rules": [],
            "nfsv3_enabled": false,
            "primary_access_key": "dFSccfLcJYrd+qmlXkN2wlO/wV1BbwnfKmL4ZRCqf9JBpP9SMwSCYTtMhHiMMkVoZ1TSfVogKszH+AStMUM/ZA==",
            "primary_blob_connection_string": "DefaultEndpointsProtocol=https;BlobEndpoint=https://cloudbench7098.blob.core.windows.net/;AccountName=cloudbench7098;AccountKey=dFSccfLcJYrd+qmlXkN2wlO/wV1BbwnfKmL4ZRCqf9JBpP9SMwSCYTtMhHiMMkVoZ1TSfVogKszH+AStMUM/ZA==",
            "primary_blob_endpoint": "https://cloudbench7098.blob.core.windows.net/",
            "primary_blob_host": "cloudbench7098.blob.core.windows.net",
            "primary_blob_internet_endpoint": "",
            "primary_blob_internet_host": "",
            "primary_blob_microsoft_endpoint": "",
            "primary_blob_microsoft_host": "",
            "primary_connection_string": "DefaultEndpointsProtocol=https;AccountName=cloudbench7098;AccountKey=dFSccfLcJYrd+qmlXkN2wlO/wV1BbwnfKmL4ZRCqf9JBpP9SMwSCYTtMhHiMMkVoZ1TSfVogKszH+AStMUM/ZA==;EndpointSuffix=core.windows.net",
            "primary_dfs_endpoint": "https://cloudbench7098.dfs.core.windows.net/",
            "primary_dfs_host": "cloudbench7098.dfs.core.windows.net",
            "primary_dfs_internet_endpoint": "",
            "primary_dfs_internet_host": "",
            "primary_dfs_microsoft_endpoint": "",
            "primary_dfs_microsoft_host": "",
            "primary_file_endpoint": "https://cloudbench7098.file.core.windows.net/",
            "primary_file_host": "cloudbench7098.file.core.windows.net",
            "primary_file_internet_endpoint": "",
            "primary_file_internet_host": "",
            "primary_file_microsoft_endpoint": "",
            "primary_file_microsoft_host": "",
            "primary_location": "francecentral",
            "primary_queue_endpoint": "https://cloudbench7098.queue.core.windows.net/",
            "primary_queue_host": "cloudbench7098.queue.core.windows.net",
            "primary_queue_microsoft_endpoint": "",
            "primary_queue_microsoft_host": "",
            "primary_table_endpoint": "https://cloudbench7098.table.core.windows.net/",
            "primary_table_host": "cloudbench7098.table.core.windows.net",
            "primary_table_microsoft_endpoint": "",
            "primary_table_microsoft_host": "",
            "primary_web_endpoint": "https://cloudbench7098.z28.web.core.windows.net/",
            "primary_web_host": "cloudbench7098.z28.web.core.windows.net",
            "primary_web_internet_endpoint": "",
            "primary_web_internet_host": "",
            "primary_web_microsoft_endpoint": "",
            "primary_web_microsoft_host": "",
            "public_network_access_enabled": true,
            "queue_encryption_key_type": "Service",
            "queue_properties": [
              {
                "cors_rule": [],
                "hour_metrics": [
                  {
                    "enabled": false,
                    "include_apis": false,
                    "retention_policy_days": 0,
                    "version": "1.0"
                  }
                ],
                "logging": [
                  {
                    "delete": false,
                    "read": false,
                    "retention_policy_days": 0,
                    "version": "1.0",
                    "write": false
                  }
                ],
                "minute_metrics": [
                  {
                    "enabled": false,
                    "include_apis": false,
                    "retention_policy_days": 0,
                    "version": "1.0"
                  }
                ]
              }
            ],
            "resource_group_name": "cloud-benchmark-rg",
            "routing": [],
            "sas_policy": [],
            "secondary_access_key": "8doumeMDULbGrmDmcyZQt4q9t4vfy4eXZOnBs25/gFxjFX6dFvOcmcBroy7W4aI4cCmMLyUMekPK+AStmzvGQg==",
            "secondary_blob_connection_string": "",
            "secondary_blob_endpoint": "",
            "secondary_blob_host": "",
            "secondary_blob_internet_endpoint": "",
            "secondary_blob_internet_host": "",
            "secondary_blob_microsoft_endpoint": "",
            "secondary_blob_microsoft_host": "",
            "secondary_connection_string": "DefaultEndpointsProtocol=https;AccountName=cloudbench7098;AccountKey=8doumeMDULbGrmDmcyZQt4q9t4vfy4eXZOnBs25/gFxjFX6dFvOcmcBroy7W4aI4cCmMLyUMekPK+AStmzvGQg==;EndpointSuffix=core.windows.net",
            "secondary_dfs_endpoint": "",
            "secondary_dfs_host": "",
            "secondary_dfs_internet_endpoint": "",
            "secondary_dfs_internet_host": "",
            "secondary_dfs_microsoft_endpoint": "",
            "secondary_dfs_microsoft_host": "",
            "secondary_file_endpoint": "",
            "secondary_file_host": "",
            "secondary_file_internet_endpoint": "",
            "secondary_file_internet_host": "",
            "secondary_file_microsoft_endpoint": "",
            "secondary_file_microsoft_host": "",
            "secondary_location": "",
            "secondary_queue_endpoint": "",
            "secondary_queue_host": "",
            "secondary_queue_microsoft_endpoint": "",
            "secondary_queue_microsoft_host": "",
            "secondary_table_endpoint": "",
            "secondary_table_host": "",
            "secondary_table_microsoft_endpoint": "",
            "secondary_table_microsoft_host": "",
            "secondary_web_endpoint": "",
            "secondary_web_host": "",
            "secondary_web_internet_endpoint": "",
            "secondary_web_internet_host": "",
            "secondary_web_microsoft_endpoint": "",
            "secondary_web_microsoft_host": "",
            "sftp_enabled": false,
            "share_properties": [
              {
                "cors_rule": [],
                "retention_policy": [
                  {
                    "days": 7
                  }
                ],
                "smb": []
              }
            ],
            "shared_access_key_enabled": true,
            "static_website": [],
            "table_encryption_key_type": "Service",
            "tags": null,
            "timeouts": null
          },
          "sensitive_attributes": [
            [
              {
                "type": "get_attr",
                "value": "primary_access_key"
              }
            ],
            [
              {
                "type": "get_attr",
                "value": "primary_blob_connection_string"
              }
            ],
            [
              {
                "type": "get_attr",
                "value": "primary_connection_string"
              }
            ],
            [
              {
                "type": "get_attr",
                "value": "secondary_access_key"
              }
            ],
            [
              {
                "type": "get_attr",
                "value": "secondary_blob_connection_string"
              }
            ],
            [
              {
                "type": "get_attr",
                "value": "secondary_connection_string"
              }
            ]
          ],
          "identity_schema_version": 0,
          "private": "eyJlMmJmYjczMC1lY2FhLTExZTYtOGY4OC0zNDM2M2JjN2M0YzAiOnsiY3JlYXRlIjozNjAwMDAwMDAwMDAwLCJkZWxldGUiOjM2MDAwMDAwMDAwMDAsInJlYWQiOjMwMDAwMDAwMDAwMCwidXBkYXRlIjozNjAwMDAwMDAwMDAwfSwic2NoZW1hX3ZlcnNpb24iOiI0In0=",
          "dependencies": [
            "azurerm_resource_group.main",
            "random_id.storage_suffix"
          ]
        }
      ]
    },
    {
      "mode": "managed",
      "type": "azurerm_storage_container",
      "name": "results",
      "provider": "provider[\"registry.terraform.io/hashicorp/azurerm\"]",
      "instances": [
        {
          "schema_version": 1,
          "attributes": {
            "container_access_type": "private",
            "default_encryption_scope": "$account-encryption-key",
            "encryption_scope_override_enabled": true,
            "has_immutability_policy": false,
            "has_legal_hold": false,
            "id": "https://cloudbench7098.blob.core.windows.net/results",
            "metadata": {},
            "name": "results",
            "resource_manager_id": "/subscriptions/007067f7-2883-4a3a-81aa-4d4d1d813982/resourceGroups/cloud-benchmark-rg/providers/Microsoft.Storage/storageAccounts/cloudbench7098/blobServices/default/containers/results",
            "storage_account_name": "cloudbench7098",
            "timeouts": null
          },
          "sensitive_attributes": [],
          "identity_schema_version": 0,
          "private": "eyJlMmJmYjczMC1lY2FhLTExZTYtOGY4OC0zNDM2M2JjN2M0YzAiOnsiY3JlYXRlIjoxODAwMDAwMDAwMDAwLCJkZWxldGUiOjE4MDAwMDAwMDAwMDAsInJlYWQiOjMwMDAwMDAwMDAwMCwidXBkYXRlIjoxODAwMDAwMDAwMDAwfSwic2NoZW1hX3ZlcnNpb24iOiIxIn0=",
          "dependencies": [
            "azurerm_resource_group.main",
            "azurerm_storage_account.main",
            "random_id.storage_suffix"
          ]
        }
      ]
    },
    {
      "mode": "managed",
      "type": "random_id",
      "name": "storage_suffix",
      "provider": "provider[\"registry.terraform.io/hashicorp/random\"]",
      "instances": [
        {
          "schema_version": 0,
          "attributes": {
            "b64_std": "cJg=",
            "b64_url": "cJg",
            "byte_length": 2,
            "dec": "28824",
            "hex": "7098",
            "id": "cJg",
            "keepers": null,
            "prefix": null
          },
          "sensitive_attributes": [],
          "identity_schema_version": 0
        }
      ]
    }
  ],
  "check_results": null
}
